
Microsoft Visual Studio Solution File, Format Version 10.00
# Visual Studio 2008
Project("{8BC9CEB8-8B4A-11D0-8D11-00A0C91BC942}") = "Hero", "Hero\Hero.vcproj", "{103B55EC-E2A4-4E2E-A441-E56CE7054FC4}"
EndProject
Global
	GlobalSection(SolutionConfigurationPlatforms) = preSolution
		Debug|Win32 = Debug|Win32
		Release|Win32 = Release|Win32
	EndGlobalSection
	GlobalSection(ProjectConfigurationPlatforms) = postSolution
		{103B55EC-E2A4-4E2E-A441-E56CE7054FC4}.Debug|Win32.ActiveCfg = Debug|Win32
		{103B55EC-E2A4-4E2E-A441-E56CE7054FC4}.Debug|Win32.Build.0 = Debug|Win32
		{103B55EC-E2A4-4E2E-A441-E56CE7054FC4}.Release|Win32.ActiveCfg = Release|Win32
		{103B55EC-E2A4-4E2E-A441-E56CE7054FC4}.Release|Win32.Build.0 = Release|Win32
	EndGlobalSection
	GlobalSection(SolutionProperties) = preSolution
		HideSolutionNode = FALSE
	EndGlobalSection
EndGlobal
